
Microsoft Visual Studio Solution File, Format Version 12.00
# Visual Studio 15
VisualStudioVersion = 15.0.27703.2026
MinimumVisualStudioVersion = 10.0.40219.1
Project("{8BC9CEB8-8B4A-11D0-8D11-00A0C91BC942}") = "3DGame", "3DGame.vcxproj", "{E2043983-6A5C-4717-B40B-E4734C959F5A}"
EndProject
Global
	GlobalSection(Performance) = preSolution
		HasPerformanceSessions = true
	EndGlobalSection
	GlobalSection(SolutionConfigurationPlatforms) = preSolution
		Debug|Win32 = Debug|Win32
		Debug|x64 = Debug|x64
		Debug|x86 = Debug|x86
		Release|Win32 = Release|Win32
		Release|x64 = Release|x64
		Release|x86 = Release|x86
	EndGlobalSection
	GlobalSection(ProjectConfigurationPlatforms) = postSolution
		{E2043983-6A5C-4717-B40B-E4734C959F5A}.Debug|Win32.ActiveCfg = Debug|Win32
		{E2043983-6A5C-4717-B40B-E4734C959F5A}.Debug|Win32.Build.0 = Debug|Win32
		{E2043983-6A5C-4717-B40B-E4734C959F5A}.Debug|x64.ActiveCfg = Debug|x64
		{E2043983-6A5C-4717-B40B-E4734C959F5A}.Debug|x64.Build.0 = Debug|x64
		{E2043983-6A5C-4717-B40B-E4734C959F5A}.Debug|x86.ActiveCfg = Debug|Win32
		{E2043983-6A5C-4717-B40B-E4734C959F5A}.Debug|x86.Build.0 = Debug|Win32
		{E2043983-6A5C-4717-B40B-E4734C959F5A}.Release|Win32.ActiveCfg = Release|Win32
		{E2043983-6A5C-4717-B40B-E4734C959F5A}.Release|Win32.Build.0 = Release|Win32
		{E2043983-6A5C-4717-B40B-E4734C959F5A}.Release|x64.ActiveCfg = Release|x64
		{E2043983-6A5C-4717-B40B-E4734C959F5A}.Release|x64.Build.0 = Release|x64
		{E2043983-6A5C-4717-B40B-E4734C959F5A}.Release|x86.ActiveCfg = Release|Win32
		{E2043983-6A5C-4717-B40B-E4734C959F5A}.Release|x86.Build.0 = Release|Win32
	EndGlobalSection
	GlobalSection(SolutionProperties) = preSolution
		HideSolutionNode = FALSE
	EndGlobalSection
	GlobalSection(ExtensibilityGlobals) = postSolution
		SolutionGuid = {72F0CF24-01CA-4D10-8112-DB37C02DDB54}
	EndGlobalSection
EndGlobal
